
Microsoft Visual Studio Solution File, Format Version 12.00
# Visual Studio Version 16
VisualStudioVersion = 16.0.31205.134
MinimumVisualStudioVersion = 10.0.40219.1
Project("{FAE04EC0-301F-11D3-BF4B-00C04F79EFBC}") = "ProjetoPilotoReboque", "ProjetoPilotoReboque\ProjetoPilotoReboque.csproj", "{FDFD4C3B-F75B-4ECF-AA7D-EC9B073030E7}"
EndProject
Global
	GlobalSection(SolutionConfigurationPlatforms) = preSolution
		Debug|Any CPU = Debug|Any CPU
		Release|Any CPU = Release|Any CPU
	EndGlobalSection
	GlobalSection(ProjectConfigurationPlatforms) = postSolution
		{FDFD4C3B-F75B-4ECF-AA7D-EC9B073030E7}.Debug|Any CPU.ActiveCfg = Debug|Any CPU
		{FDFD4C3B-F75B-4ECF-AA7D-EC9B073030E7}.Debug|Any CPU.Build.0 = Debug|Any CPU
		{FDFD4C3B-F75B-4ECF-AA7D-EC9B073030E7}.Release|Any CPU.ActiveCfg = Release|Any CPU
		{FDFD4C3B-F75B-4ECF-AA7D-EC9B073030E7}.Release|Any CPU.Build.0 = Release|Any CPU
	EndGlobalSection
	GlobalSection(SolutionProperties) = preSolution
		HideSolutionNode = FALSE
	EndGlobalSection
	GlobalSection(ExtensibilityGlobals) = postSolution
		SolutionGuid = {F971A4C6-0DD6-4D7F-A3BE-F874E123B8BF}
	EndGlobalSection
EndGlobal
